
Microsoft Visual Studio Solution File, Format Version 12.00
# Visual Studio Version 17
VisualStudioVersion = 17.3.32825.248
MinimumVisualStudioVersion = 10.0.40219.1
Project("{FAE04EC0-301F-11D3-BF4B-00C04F79EFBC}") = "Notes.Identity", "Notes.Identity\Notes.Identity.csproj", "{376DC37D-3FF0-4CF6-96CD-6AE10DADED48}"
EndProject
Global
	GlobalSection(SolutionConfigurationPlatforms) = preSolution
		Debug|Any CPU = Debug|Any CPU
		Release|Any CPU = Release|Any CPU
	EndGlobalSection
	GlobalSection(ProjectConfigurationPlatforms) = postSolution
		{376DC37D-3FF0-4CF6-96CD-6AE10DADED48}.Debug|Any CPU.ActiveCfg = Debug|Any CPU
		{376DC37D-3FF0-4CF6-96CD-6AE10DADED48}.Debug|Any CPU.Build.0 = Debug|Any CPU
		{376DC37D-3FF0-4CF6-96CD-6AE10DADED48}.Release|Any CPU.ActiveCfg = Release|Any CPU
		{376DC37D-3FF0-4CF6-96CD-6AE10DADED48}.Release|Any CPU.Build.0 = Release|Any CPU
	EndGlobalSection
	GlobalSection(SolutionProperties) = preSolution
		HideSolutionNode = FALSE
	EndGlobalSection
	GlobalSection(ExtensibilityGlobals) = postSolution
		SolutionGuid = {3FA59739-7874-4B77-BFE8-EA9CF892F194}
	EndGlobalSection
EndGlobal
